
Microsoft Visual Studio Solution File, Format Version 12.00
# Visual Studio Version 16
VisualStudioVersion = 16.0.32228.343
MinimumVisualStudioVersion = 10.0.40219.1
Project("{FAE04EC0-301F-11D3-BF4B-00C04F79EFBC}") = "StudentTask", "StudentTask\StudentTask.csproj", "{F27B0A58-7A02-47AD-830F-28ACE9A9557F}"
EndProject
Global
	GlobalSection(SolutionConfigurationPlatforms) = preSolution
		Debug|Any CPU = Debug|Any CPU
		Release|Any CPU = Release|Any CPU
	EndGlobalSection
	GlobalSection(ProjectConfigurationPlatforms) = postSolution
		{F27B0A58-7A02-47AD-830F-28ACE9A9557F}.Debug|Any CPU.ActiveCfg = Debug|Any CPU
		{F27B0A58-7A02-47AD-830F-28ACE9A9557F}.Debug|Any CPU.Build.0 = Debug|Any CPU
		{F27B0A58-7A02-47AD-830F-28ACE9A9557F}.Release|Any CPU.ActiveCfg = Release|Any CPU
		{F27B0A58-7A02-47AD-830F-28ACE9A9557F}.Release|Any CPU.Build.0 = Release|Any CPU
	EndGlobalSection
	GlobalSection(SolutionProperties) = preSolution
		HideSolutionNode = FALSE
	EndGlobalSection
	GlobalSection(ExtensibilityGlobals) = postSolution
		SolutionGuid = {2D23DA3E-93EE-4D21-A8F0-E6169A3EA6F7}
	EndGlobalSection
EndGlobal
